
Microsoft Visual Studio Solution File, Format Version 12.00
# Visual Studio Version 17
VisualStudioVersion = 17.9.34723.18
MinimumVisualStudioVersion = 10.0.40219.1
Project("{8BC9CEB8-8B4A-11D0-8D11-00A0C91BC942}") = "mylib-static", "mylib-static\mylib-static.vcxproj", "{AD780779-5C04-4B7B-BFFB-A70B7DC7B4C2}"
EndProject
Project("{8BC9CEB8-8B4A-11D0-8D11-00A0C91BC942}") = "mylib-tests", "mylib-tests\mylib-tests.vcxproj", "{D25E6F99-C290-4DD6-901E-D7958F923765}"
	ProjectSection(ProjectDependencies) = postProject
		{AD780779-5C04-4B7B-BFFB-A70B7DC7B4C2} = {AD780779-5C04-4B7B-BFFB-A70B7DC7B4C2}
	EndProjectSection
EndProject
Project("{8BC9CEB8-8B4A-11D0-8D11-00A0C91BC942}") = "mylib", "mylib\mylib.vcxproj", "{5A46B457-38EC-4C3F-BCD1-DA35DE2FCF72}"
EndProject
Project("{8BC9CEB8-8B4A-11D0-8D11-00A0C91BC942}") = "tests", "tests\tests.vcxproj", "{52C61925-4BD5-4459-9230-9B686E289E5F}"
EndProject
Global
	GlobalSection(SolutionConfigurationPlatforms) = preSolution
		Debug|x64 = Debug|x64
		Debug|x86 = Debug|x86
		Release|x64 = Release|x64
		Release|x86 = Release|x86
	EndGlobalSection
	GlobalSection(ProjectConfigurationPlatforms) = postSolution
		{AD780779-5C04-4B7B-BFFB-A70B7DC7B4C2}.Debug|x64.ActiveCfg = Debug|x64
		{AD780779-5C04-4B7B-BFFB-A70B7DC7B4C2}.Debug|x64.Build.0 = Debug|x64
		{AD780779-5C04-4B7B-BFFB-A70B7DC7B4C2}.Debug|x86.ActiveCfg = Debug|Win32
		{AD780779-5C04-4B7B-BFFB-A70B7DC7B4C2}.Debug|x86.Build.0 = Debug|Win32
		{AD780779-5C04-4B7B-BFFB-A70B7DC7B4C2}.Release|x64.ActiveCfg = Release|x64
		{AD780779-5C04-4B7B-BFFB-A70B7DC7B4C2}.Release|x64.Build.0 = Release|x64
		{AD780779-5C04-4B7B-BFFB-A70B7DC7B4C2}.Release|x86.ActiveCfg = Release|Win32
		{AD780779-5C04-4B7B-BFFB-A70B7DC7B4C2}.Release|x86.Build.0 = Release|Win32
		{D25E6F99-C290-4DD6-901E-D7958F923765}.Debug|x64.ActiveCfg = Debug|x64
		{D25E6F99-C290-4DD6-901E-D7958F923765}.Debug|x64.Build.0 = Debug|x64
		{D25E6F99-C290-4DD6-901E-D7958F923765}.Debug|x86.ActiveCfg = Debug|Win32
		{D25E6F99-C290-4DD6-901E-D7958F923765}.Debug|x86.Build.0 = Debug|Win32
		{D25E6F99-C290-4DD6-901E-D7958F923765}.Release|x64.ActiveCfg = Release|x64
		{D25E6F99-C290-4DD6-901E-D7958F923765}.Release|x64.Build.0 = Release|x64
		{D25E6F99-C290-4DD6-901E-D7958F923765}.Release|x86.ActiveCfg = Release|Win32
		{D25E6F99-C290-4DD6-901E-D7958F923765}.Release|x86.Build.0 = Release|Win32
		{5A46B457-38EC-4C3F-BCD1-DA35DE2FCF72}.Debug|x64.ActiveCfg = Debug|x64
		{5A46B457-38EC-4C3F-BCD1-DA35DE2FCF72}.Debug|x64.Build.0 = Debug|x64
		{5A46B457-38EC-4C3F-BCD1-DA35DE2FCF72}.Debug|x86.ActiveCfg = Debug|Win32
		{5A46B457-38EC-4C3F-BCD1-DA35DE2FCF72}.Debug|x86.Build.0 = Debug|Win32
		{5A46B457-38EC-4C3F-BCD1-DA35DE2FCF72}.Release|x64.ActiveCfg = Release|x64
		{5A46B457-38EC-4C3F-BCD1-DA35DE2FCF72}.Release|x64.Build.0 = Release|x64
		{5A46B457-38EC-4C3F-BCD1-DA35DE2FCF72}.Release|x86.ActiveCfg = Release|Win32
		{5A46B457-38EC-4C3F-BCD1-DA35DE2FCF72}.Release|x86.Build.0 = Release|Win32
		{52C61925-4BD5-4459-9230-9B686E289E5F}.Debug|x64.ActiveCfg = Debug|x64
		{52C61925-4BD5-4459-9230-9B686E289E5F}.Debug|x64.Build.0 = Debug|x64
		{52C61925-4BD5-4459-9230-9B686E289E5F}.Debug|x86.ActiveCfg = Debug|Win32
		{52C61925-4BD5-4459-9230-9B686E289E5F}.Debug|x86.Build.0 = Debug|Win32
		{52C61925-4BD5-4459-9230-9B686E289E5F}.Release|x64.ActiveCfg = Release|x64
		{52C61925-4BD5-4459-9230-9B686E289E5F}.Release|x64.Build.0 = Release|x64
		{52C61925-4BD5-4459-9230-9B686E289E5F}.Release|x86.ActiveCfg = Release|Win32
		{52C61925-4BD5-4459-9230-9B686E289E5F}.Release|x86.Build.0 = Release|Win32
	EndGlobalSection
	GlobalSection(SolutionProperties) = preSolution
		HideSolutionNode = FALSE
	EndGlobalSection
	GlobalSection(ExtensibilityGlobals) = postSolution
		SolutionGuid = {7843F1AB-F39C-41FF-83E4-473689956D67}
	EndGlobalSection
EndGlobal
